
Microsoft Visual Studio Solution File, Format Version 12.00
# Visual Studio Version 16
VisualStudioVersion = 25.0.1704.2
MinimumVisualStudioVersion = 10.0.40219.1
Project("{FAE04EC0-301F-11D3-BF4B-00C04F79EFBC}") = "SAC ToDoList", "SAC ToDoList\SAC ToDoList.csproj", "{51F67AFC-7BEB-4820-9934-4FE7F6328442}"
EndProject
Global
	GlobalSection(SolutionConfigurationPlatforms) = preSolution
		Debug|Any CPU = Debug|Any CPU
		Release|Any CPU = Release|Any CPU
	EndGlobalSection
	GlobalSection(ProjectConfigurationPlatforms) = postSolution
		{51F67AFC-7BEB-4820-9934-4FE7F6328442}.Debug|Any CPU.ActiveCfg = Debug|Any CPU
		{51F67AFC-7BEB-4820-9934-4FE7F6328442}.Debug|Any CPU.Build.0 = Debug|Any CPU
		{51F67AFC-7BEB-4820-9934-4FE7F6328442}.Release|Any CPU.ActiveCfg = Release|Any CPU
		{51F67AFC-7BEB-4820-9934-4FE7F6328442}.Release|Any CPU.Build.0 = Release|Any CPU
	EndGlobalSection
	GlobalSection(SolutionProperties) = preSolution
		HideSolutionNode = FALSE
	EndGlobalSection
	GlobalSection(ExtensibilityGlobals) = postSolution
		SolutionGuid = {50E7CD4D-B59B-445B-8677-461D441AE5D7}
	EndGlobalSection
EndGlobal
